
Microsoft Visual Studio Solution File, Format Version 12.00
# Visual Studio 15
VisualStudioVersion = 15.0.28010.2046
MinimumVisualStudioVersion = 10.0.40219.1
Project("{F184B08F-C81C-45F6-A57F-5ABD9991F28F}") = "Pharmacy", "Pharmacy.vbproj", "{CC1530CF-0D28-477C-AD7B-7319D8797CC2}"
EndProject
Global
	GlobalSection(SolutionConfigurationPlatforms) = preSolution
		Debug|Any CPU = Debug|Any CPU
		Release|Any CPU = Release|Any CPU
	EndGlobalSection
	GlobalSection(ProjectConfigurationPlatforms) = postSolution
		{CC1530CF-0D28-477C-AD7B-7319D8797CC2}.Debug|Any CPU.ActiveCfg = Debug|Any CPU
		{CC1530CF-0D28-477C-AD7B-7319D8797CC2}.Debug|Any CPU.Build.0 = Debug|Any CPU
		{CC1530CF-0D28-477C-AD7B-7319D8797CC2}.Release|Any CPU.ActiveCfg = Release|Any CPU
		{CC1530CF-0D28-477C-AD7B-7319D8797CC2}.Release|Any CPU.Build.0 = Release|Any CPU
	EndGlobalSection
	GlobalSection(SolutionProperties) = preSolution
		HideSolutionNode = FALSE
	EndGlobalSection
	GlobalSection(ExtensibilityGlobals) = postSolution
		SolutionGuid = {A2F98B2E-4CAE-4004-8575-79F316C17FF6}
	EndGlobalSection
EndGlobal
